
Microsoft Visual Studio Solution File, Format Version 12.00
# Visual Studio Version 16
VisualStudioVersion = 16.0.30011.22
MinimumVisualStudioVersion = 10.0.40219.1
Project("{FAE04EC0-301F-11D3-BF4B-00C04F79EFBC}") = "TFTAnalizer", "TFTAnalizer\TFTAnalizer.csproj", "{1766CDFA-7D97-41A2-877A-A8AD8D421BCE}"
EndProject
Global
	GlobalSection(SolutionConfigurationPlatforms) = preSolution
		Debug|Any CPU = Debug|Any CPU
		Release|Any CPU = Release|Any CPU
	EndGlobalSection
	GlobalSection(ProjectConfigurationPlatforms) = postSolution
		{1766CDFA-7D97-41A2-877A-A8AD8D421BCE}.Debug|Any CPU.ActiveCfg = Debug|Any CPU
		{1766CDFA-7D97-41A2-877A-A8AD8D421BCE}.Debug|Any CPU.Build.0 = Debug|Any CPU
		{1766CDFA-7D97-41A2-877A-A8AD8D421BCE}.Release|Any CPU.ActiveCfg = Release|Any CPU
		{1766CDFA-7D97-41A2-877A-A8AD8D421BCE}.Release|Any CPU.Build.0 = Release|Any CPU
	EndGlobalSection
	GlobalSection(SolutionProperties) = preSolution
		HideSolutionNode = FALSE
	EndGlobalSection
	GlobalSection(ExtensibilityGlobals) = postSolution
		SolutionGuid = {65CC766E-F0D4-4FC9-B10A-4D4789372CA9}
	EndGlobalSection
EndGlobal
